
Microsoft Visual Studio Solution File, Format Version 12.00
# Visual Studio Version 17
VisualStudioVersion = 17.8.34330.188
MinimumVisualStudioVersion = 10.0.40219.1
Project("{FAE04EC0-301F-11D3-BF4B-00C04F79EFBC}") = "Ffyrn.MonoEngine", "Ffyrn.MonoEngine\Ffyrn.MonoEngine.csproj", "{04DD1A31-DCCE-426B-8DE8-A2DE9860266B}"
EndProject
Project("{FAE04EC0-301F-11D3-BF4B-00C04F79EFBC}") = "Ffyrn.MonoEngine.Tests", "Ffyrn.MonoEngine.Tests\Ffyrn.MonoEngine.Tests.csproj", "{711A4639-DEC0-407D-B18E-79E5B55EA64A}"
EndProject
Project("{FAE04EC0-301F-11D3-BF4B-00C04F79EFBC}") = "Ffyrn.MonoEngine.Example", "Ffyrn.MonoEngine.Example\Ffyrn.MonoEngine.Example.csproj", "{2BBD06B9-D058-4E88-A618-1D668A3F7F51}"
EndProject
Global
	GlobalSection(SolutionConfigurationPlatforms) = preSolution
		Debug|Any CPU = Debug|Any CPU
		Release|Any CPU = Release|Any CPU
	EndGlobalSection
	GlobalSection(ProjectConfigurationPlatforms) = postSolution
		{04DD1A31-DCCE-426B-8DE8-A2DE9860266B}.Debug|Any CPU.ActiveCfg = Debug|Any CPU
		{04DD1A31-DCCE-426B-8DE8-A2DE9860266B}.Debug|Any CPU.Build.0 = Debug|Any CPU
		{04DD1A31-DCCE-426B-8DE8-A2DE9860266B}.Release|Any CPU.ActiveCfg = Release|Any CPU
		{04DD1A31-DCCE-426B-8DE8-A2DE9860266B}.Release|Any CPU.Build.0 = Release|Any CPU
		{711A4639-DEC0-407D-B18E-79E5B55EA64A}.Debug|Any CPU.ActiveCfg = Debug|Any CPU
		{711A4639-DEC0-407D-B18E-79E5B55EA64A}.Debug|Any CPU.Build.0 = Debug|Any CPU
		{711A4639-DEC0-407D-B18E-79E5B55EA64A}.Release|Any CPU.ActiveCfg = Release|Any CPU
		{711A4639-DEC0-407D-B18E-79E5B55EA64A}.Release|Any CPU.Build.0 = Release|Any CPU
		{2BBD06B9-D058-4E88-A618-1D668A3F7F51}.Debug|Any CPU.ActiveCfg = Debug|Any CPU
		{2BBD06B9-D058-4E88-A618-1D668A3F7F51}.Debug|Any CPU.Build.0 = Debug|Any CPU
		{2BBD06B9-D058-4E88-A618-1D668A3F7F51}.Release|Any CPU.ActiveCfg = Release|Any CPU
		{2BBD06B9-D058-4E88-A618-1D668A3F7F51}.Release|Any CPU.Build.0 = Release|Any CPU
	EndGlobalSection
	GlobalSection(SolutionProperties) = preSolution
		HideSolutionNode = FALSE
	EndGlobalSection
	GlobalSection(ExtensibilityGlobals) = postSolution
		SolutionGuid = {EF760A38-F163-45E1-9631-4A427B53C2BE}
	EndGlobalSection
EndGlobal
